// !$*UTF8*$!
{
	archiveVersion = 1;
	classes = {
	};
	objectVersion = 56;
	objects = {

/* Begin PBXBuildFile section */
		171720462A0CDA5000E34C24 /* LottiePlay.swift in Sources */ = {isa = PBXBuildFile; fileRef = 171720452A0CDA5000E34C24 /* LottiePlay.swift */; };
		171720492A0CDA8900E34C24 /* Lottie in Frameworks */ = {isa = PBXBuildFile; productRef = 171720482A0CDA8900E34C24 /* Lottie */; };
		1717205A2A0CDAD300E34C24 /* LottieTest.swift in Sources */ = {isa = PBXBuildFile; fileRef = 171720592A0CDAD300E34C24 /* LottieTest.swift */; };
		5722D8302A0CCFA00023B0F6 /* MainView.swift in Sources */ = {isa = PBXBuildFile; fileRef = 5722D82F2A0CCFA00023B0F6 /* MainView.swift */; };
		5739EBF52A0F8D0B00AEAB5E /* curtain_sound.mp3 in Resources */ = {isa = PBXBuildFile; fileRef = 5739EBF02A0F8D0B00AEAB5E /* curtain_sound.mp3 */; };
		5739EBF62A0F8D0B00AEAB5E /* button_sound.mp3 in Resources */ = {isa = PBXBuildFile; fileRef = 5739EBF12A0F8D0B00AEAB5E /* button_sound.mp3 */; };
		5739EBF72A0F8D0B00AEAB5E /* clock_sound.mp3 in Resources */ = {isa = PBXBuildFile; fileRef = 5739EBF22A0F8D0B00AEAB5E /* clock_sound.mp3 */; };
		5739EBF82A0F8D0B00AEAB5E /* ArchiveOpenView.swift in Sources */ = {isa = PBXBuildFile; fileRef = 5739EBF32A0F8D0B00AEAB5E /* ArchiveOpenView.swift */; };
		5739EBF92A0F8D0B00AEAB5E /* ArchiveView.swift in Sources */ = {isa = PBXBuildFile; fileRef = 5739EBF42A0F8D0B00AEAB5E /* ArchiveView.swift */; };
		5739EBFC2A0F8D2900AEAB5E /* pop_sound.mp3 in Resources */ = {isa = PBXBuildFile; fileRef = 5739EBFA2A0F8D2900AEAB5E /* pop_sound.mp3 */; };
		5739EBFD2A0F8D2900AEAB5E /* paper_sound.mp3 in Resources */ = {isa = PBXBuildFile; fileRef = 5739EBFB2A0F8D2900AEAB5E /* paper_sound.mp3 */; };
		A80EAE6F2A0E77E400676483 /* SoundManager.swift in Sources */ = {isa = PBXBuildFile; fileRef = A80EAE6E2A0E77E400676483 /* SoundManager.swift */; };
		A80EAE852A0E844A00676483 /* pleased.json in Resources */ = {isa = PBXBuildFile; fileRef = A80EAE7E2A0E844A00676483 /* pleased.json */; };
		A80EAE862A0E844A00676483 /* angry.json in Resources */ = {isa = PBXBuildFile; fileRef = A80EAE7F2A0E844A00676483 /* angry.json */; };
		A80EAE872A0E844A00676483 /* soso.json in Resources */ = {isa = PBXBuildFile; fileRef = A80EAE802A0E844A00676483 /* soso.json */; };
		A80EAE882A0E844A00676483 /* twinkle.json in Resources */ = {isa = PBXBuildFile; fileRef = A80EAE812A0E844A00676483 /* twinkle.json */; };
		A80EAE892A0E844A00676483 /* heart.json in Resources */ = {isa = PBXBuildFile; fileRef = A80EAE822A0E844A00676483 /* heart.json */; };
		A80EAE8A2A0E844A00676483 /* sad.json in Resources */ = {isa = PBXBuildFile; fileRef = A80EAE832A0E844A00676483 /* sad.json */; };
		A80EAE8B2A0E844A00676483 /* basic.json in Resources */ = {isa = PBXBuildFile; fileRef = A80EAE842A0E844A00676483 /* basic.json */; };
		A80EAE8E2A0E912800676483 /* HapticManager.swift in Sources */ = {isa = PBXBuildFile; fileRef = A80EAE8D2A0E912800676483 /* HapticManager.swift */; };
		A80EAE922A0EE4B000676483 /* View+.swift in Sources */ = {isa = PBXBuildFile; fileRef = A80EAE912A0EE4B000676483 /* View+.swift */; };
		A80EAE992A0EF0E800676483 /* GLBlockView.swift in Sources */ = {isa = PBXBuildFile; fileRef = A80EAE982A0EF0E800676483 /* GLBlockView.swift */; };
		A80EAEA32A0F15BF00676483 /* GLBlockItem.swift in Sources */ = {isa = PBXBuildFile; fileRef = A80EAEA22A0F15BF00676483 /* GLBlockItem.swift */; };
		A80EAEA52A0F256000676483 /* GLBavBarItem.swift in Sources */ = {isa = PBXBuildFile; fileRef = A80EAEA42A0F256000676483 /* GLBavBarItem.swift */; };
		A80EAEA82A0F285200676483 /* GLButtonSet.swift in Sources */ = {isa = PBXBuildFile; fileRef = A80EAEA72A0F285200676483 /* GLButtonSet.swift */; };
		A80EAEAB2A0F377000676483 /* GLPopupView.swift in Sources */ = {isa = PBXBuildFile; fileRef = A80EAEAA2A0F377000676483 /* GLPopupView.swift */; };
		A81261B32A10075A00280ECE /* SwingAnimation.swift in Sources */ = {isa = PBXBuildFile; fileRef = A81261B22A10075A00280ECE /* SwingAnimation.swift */; };
		A83D728E2A070BFA00119DB9 /* Colors.swift in Sources */ = {isa = PBXBuildFile; fileRef = A83D728D2A070BFA00119DB9 /* Colors.swift */; };
		A83D729A2A07938600119DB9 /* ComposableArchitecture in Frameworks */ = {isa = PBXBuildFile; productRef = A83D72992A07938600119DB9 /* ComposableArchitecture */; };
		A83D72C62A07A47600119DB9 /* LoginView.swift in Sources */ = {isa = PBXBuildFile; fileRef = A83D72C52A07A47600119DB9 /* LoginView.swift */; };
		A83D72C92A07A4EA00119DB9 /* Coordinator.swift in Sources */ = {isa = PBXBuildFile; fileRef = A83D72C82A07A4EA00119DB9 /* Coordinator.swift */; };
		A83D72CD2A07A82D00119DB9 /* CoordinatorView.swift in Sources */ = {isa = PBXBuildFile; fileRef = A83D72CC2A07A82D00119DB9 /* CoordinatorView.swift */; };
		A83D72D82A07E5D000119DB9 /* LoginDomain.swift in Sources */ = {isa = PBXBuildFile; fileRef = A83D72D72A07E5D000119DB9 /* LoginDomain.swift */; };
		A83E86F82A0CC6CC005CB09D /* GLNavBarTitle.swift in Sources */ = {isa = PBXBuildFile; fileRef = A83E86F72A0CC6CC005CB09D /* GLNavBarTitle.swift */; };
		A872FC932A0FD9F80058880B /* UserDefaultsManager.swift in Sources */ = {isa = PBXBuildFile; fileRef = A872FC922A0FD9F80058880B /* UserDefaultsManager.swift */; };
		A878E4962A09D55800B97358 /* FontManager.swift in Sources */ = {isa = PBXBuildFile; fileRef = A878E4952A09D55800B97358 /* FontManager.swift */; };
		A878E4A52A09E49C00B97358 /* Const.swift in Sources */ = {isa = PBXBuildFile; fileRef = A878E4A42A09E49C00B97358 /* Const.swift */; };
		A8F10D7F2A008FB50015EC23 /* SagakSagakApp.swift in Sources */ = {isa = PBXBuildFile; fileRef = A8F10D7E2A008FB50015EC23 /* SagakSagakApp.swift */; };
		A8F10D832A008FB60015EC23 /* Assets.xcassets in Resources */ = {isa = PBXBuildFile; fileRef = A8F10D822A008FB60015EC23 /* Assets.xcassets */; };
		A8F10D862A008FB60015EC23 /* Preview Assets.xcassets in Resources */ = {isa = PBXBuildFile; fileRef = A8F10D852A008FB60015EC23 /* Preview Assets.xcassets */; };
		A8FA451F2A0E1AE8009C3A2C /* SplashView.swift in Sources */ = {isa = PBXBuildFile; fileRef = A8FA451E2A0E1AE8009C3A2C /* SplashView.swift */; };
		A8FA45212A0E1B10009C3A2C /* LetterView.swift in Sources */ = {isa = PBXBuildFile; fileRef = A8FA45202A0E1B10009C3A2C /* LetterView.swift */; };
		A8FA45232A0E1BFB009C3A2C /* CharacterView1.swift in Sources */ = {isa = PBXBuildFile; fileRef = A8FA45222A0E1BFB009C3A2C /* CharacterView1.swift */; };
		A8FA45272A0E1C6E009C3A2C /* CharacterView2.swift in Sources */ = {isa = PBXBuildFile; fileRef = A8FA45262A0E1C6E009C3A2C /* CharacterView2.swift */; };
		A8FA45302A0E1CF0009C3A2C /* StoryView1.swift in Sources */ = {isa = PBXBuildFile; fileRef = A8FA452F2A0E1CF0009C3A2C /* StoryView1.swift */; };
		A8FA45322A0E1D02009C3A2C /* StoryView2.swift in Sources */ = {isa = PBXBuildFile; fileRef = A8FA45312A0E1D02009C3A2C /* StoryView2.swift */; };
		A8FA45372A0E1D63009C3A2C /* EndingView1.swift in Sources */ = {isa = PBXBuildFile; fileRef = A8FA45362A0E1D63009C3A2C /* EndingView1.swift */; };
		A8FA45392A0E1D73009C3A2C /* EndingView2.swift in Sources */ = {isa = PBXBuildFile; fileRef = A8FA45382A0E1D73009C3A2C /* EndingView2.swift */; };
		A8FA453B2A0E1D83009C3A2C /* EndingView3.swift in Sources */ = {isa = PBXBuildFile; fileRef = A8FA453A2A0E1D83009C3A2C /* EndingView3.swift */; };
		BF1865092A0CE35000B2F730 /* EmotionView.swift in Sources */ = {isa = PBXBuildFile; fileRef = BF1865082A0CE35000B2F730 /* EmotionView.swift */; };
		BF791C4D2A0A338700BA00D2 /* DrawingView.swift in Sources */ = {isa = PBXBuildFile; fileRef = BF791C4C2A0A338700BA00D2 /* DrawingView.swift */; };
		BF791C512A0A339B00BA00D2 /* Line.swift in Sources */ = {isa = PBXBuildFile; fileRef = BF791C502A0A339B00BA00D2 /* Line.swift */; };
		BF791C532A0A37EE00BA00D2 /* NanumSquareRoundL.ttf in Resources */ = {isa = PBXBuildFile; fileRef = BF791C522A0A37EE00BA00D2 /* NanumSquareRoundL.ttf */; };
		BF791C552A0A37FF00BA00D2 /* NanumSquareRoundEB.ttf in Resources */ = {isa = PBXBuildFile; fileRef = BF791C542A0A37FF00BA00D2 /* NanumSquareRoundEB.ttf */; };
		BF791C572A0A380700BA00D2 /* NanumSquareRoundB.ttf in Resources */ = {isa = PBXBuildFile; fileRef = BF791C562A0A380700BA00D2 /* NanumSquareRoundB.ttf */; };
		BF791C592A0A381500BA00D2 /* NanumSquareRoundR.ttf in Resources */ = {isa = PBXBuildFile; fileRef = BF791C582A0A381500BA00D2 /* NanumSquareRoundR.ttf */; };
		BFCE55272A0B8D4B003A85CA /* CharacterExpressView.swift in Sources */ = {isa = PBXBuildFile; fileRef = BFCE55242A0B8D4B003A85CA /* CharacterExpressView.swift */; };
		BFCE55282A0B8D4B003A85CA /* FaceView.swift in Sources */ = {isa = PBXBuildFile; fileRef = BFCE55252A0B8D4B003A85CA /* FaceView.swift */; };
		BFCE55292A0B8D4B003A85CA /* ExpressView.swift in Sources */ = {isa = PBXBuildFile; fileRef = BFCE55262A0B8D4B003A85CA /* ExpressView.swift */; };
/* End PBXBuildFile section */

/* Begin PBXFileReference section */
		171720452A0CDA5000E34C24 /* LottiePlay.swift */ = {isa = PBXFileReference; lastKnownFileType = sourcecode.swift; path = LottiePlay.swift; sourceTree = "<group>"; };
		171720592A0CDAD300E34C24 /* LottieTest.swift */ = {isa = PBXFileReference; lastKnownFileType = sourcecode.swift; path = LottieTest.swift; sourceTree = "<group>"; };
		5722D82F2A0CCFA00023B0F6 /* MainView.swift */ = {isa = PBXFileReference; lastKnownFileType = sourcecode.swift; path = MainView.swift; sourceTree = "<group>"; };
		5739EBF02A0F8D0B00AEAB5E /* curtain_sound.mp3 */ = {isa = PBXFileReference; lastKnownFileType = audio.mp3; name = curtain_sound.mp3; path = SagakSagak/Utils/Music/curtain_sound.mp3; sourceTree = SOURCE_ROOT; };
		5739EBF12A0F8D0B00AEAB5E /* button_sound.mp3 */ = {isa = PBXFileReference; lastKnownFileType = audio.mp3; name = button_sound.mp3; path = SagakSagak/Utils/Music/button_sound.mp3; sourceTree = SOURCE_ROOT; };
		5739EBF22A0F8D0B00AEAB5E /* clock_sound.mp3 */ = {isa = PBXFileReference; lastKnownFileType = audio.mp3; name = clock_sound.mp3; path = SagakSagak/Utils/Music/clock_sound.mp3; sourceTree = SOURCE_ROOT; };
		5739EBF32A0F8D0B00AEAB5E /* ArchiveOpenView.swift */ = {isa = PBXFileReference; fileEncoding = 4; lastKnownFileType = sourcecode.swift; name = ArchiveOpenView.swift; path = View/MainView/ArchiveOpenView.swift; sourceTree = SOURCE_ROOT; };
		5739EBF42A0F8D0B00AEAB5E /* ArchiveView.swift */ = {isa = PBXFileReference; fileEncoding = 4; lastKnownFileType = sourcecode.swift; name = ArchiveView.swift; path = View/MainView/ArchiveView.swift; sourceTree = SOURCE_ROOT; };
		5739EBFA2A0F8D2900AEAB5E /* pop_sound.mp3 */ = {isa = PBXFileReference; lastKnownFileType = audio.mp3; name = pop_sound.mp3; path = SagakSagak/Utils/Music/pop_sound.mp3; sourceTree = SOURCE_ROOT; };
		5739EBFB2A0F8D2900AEAB5E /* paper_sound.mp3 */ = {isa = PBXFileReference; lastKnownFileType = audio.mp3; name = paper_sound.mp3; path = SagakSagak/Utils/Music/paper_sound.mp3; sourceTree = SOURCE_ROOT; };
		A80EAE6E2A0E77E400676483 /* SoundManager.swift */ = {isa = PBXFileReference; lastKnownFileType = sourcecode.swift; path = SoundManager.swift; sourceTree = "<group>"; };
		A80EAE7E2A0E844A00676483 /* pleased.json */ = {isa = PBXFileReference; fileEncoding = 4; lastKnownFileType = text.json; path = pleased.json; sourceTree = "<group>"; };
		A80EAE7F2A0E844A00676483 /* angry.json */ = {isa = PBXFileReference; fileEncoding = 4; lastKnownFileType = text.json; path = angry.json; sourceTree = "<group>"; };
		A80EAE802A0E844A00676483 /* soso.json */ = {isa = PBXFileReference; fileEncoding = 4; lastKnownFileType = text.json; path = soso.json; sourceTree = "<group>"; };
		A80EAE812A0E844A00676483 /* twinkle.json */ = {isa = PBXFileReference; fileEncoding = 4; lastKnownFileType = text.json; path = twinkle.json; sourceTree = "<group>"; };
		A80EAE822A0E844A00676483 /* heart.json */ = {isa = PBXFileReference; fileEncoding = 4; lastKnownFileType = text.json; path = heart.json; sourceTree = "<group>"; };
		A80EAE832A0E844A00676483 /* sad.json */ = {isa = PBXFileReference; fileEncoding = 4; lastKnownFileType = text.json; path = sad.json; sourceTree = "<group>"; };
		A80EAE842A0E844A00676483 /* basic.json */ = {isa = PBXFileReference; fileEncoding = 4; lastKnownFileType = text.json; path = basic.json; sourceTree = "<group>"; };
		A80EAE8D2A0E912800676483 /* HapticManager.swift */ = {isa = PBXFileReference; lastKnownFileType = sourcecode.swift; path = HapticManager.swift; sourceTree = "<group>"; };
		A80EAE912A0EE4B000676483 /* View+.swift */ = {isa = PBXFileReference; lastKnownFileType = sourcecode.swift; path = "View+.swift"; sourceTree = "<group>"; };
		A80EAE982A0EF0E800676483 /* GLBlockView.swift */ = {isa = PBXFileReference; lastKnownFileType = sourcecode.swift; path = GLBlockView.swift; sourceTree = "<group>"; };
		A80EAEA22A0F15BF00676483 /* GLBlockItem.swift */ = {isa = PBXFileReference; lastKnownFileType = sourcecode.swift; path = GLBlockItem.swift; sourceTree = "<group>"; };
		A80EAEA42A0F256000676483 /* GLBavBarItem.swift */ = {isa = PBXFileReference; lastKnownFileType = sourcecode.swift; path = GLBavBarItem.swift; sourceTree = "<group>"; };
		A80EAEA72A0F285200676483 /* GLButtonSet.swift */ = {isa = PBXFileReference; lastKnownFileType = sourcecode.swift; path = GLButtonSet.swift; sourceTree = "<group>"; };
		A80EAEAA2A0F377000676483 /* GLPopupView.swift */ = {isa = PBXFileReference; lastKnownFileType = sourcecode.swift; path = GLPopupView.swift; sourceTree = "<group>"; };
		A81261B22A10075A00280ECE /* SwingAnimation.swift */ = {isa = PBXFileReference; lastKnownFileType = sourcecode.swift; path = SwingAnimation.swift; sourceTree = "<group>"; };
		A83D728D2A070BFA00119DB9 /* Colors.swift */ = {isa = PBXFileReference; lastKnownFileType = sourcecode.swift; path = Colors.swift; sourceTree = "<group>"; };
		A83D72C52A07A47600119DB9 /* LoginView.swift */ = {isa = PBXFileReference; lastKnownFileType = sourcecode.swift; path = LoginView.swift; sourceTree = "<group>"; };
		A83D72C82A07A4EA00119DB9 /* Coordinator.swift */ = {isa = PBXFileReference; lastKnownFileType = sourcecode.swift; path = Coordinator.swift; sourceTree = "<group>"; };
		A83D72CC2A07A82D00119DB9 /* CoordinatorView.swift */ = {isa = PBXFileReference; lastKnownFileType = sourcecode.swift; path = CoordinatorView.swift; sourceTree = "<group>"; };
		A83D72D72A07E5D000119DB9 /* LoginDomain.swift */ = {isa = PBXFileReference; lastKnownFileType = sourcecode.swift; path = LoginDomain.swift; sourceTree = "<group>"; };
		A83E86F72A0CC6CC005CB09D /* GLNavBarTitle.swift */ = {isa = PBXFileReference; lastKnownFileType = sourcecode.swift; path = GLNavBarTitle.swift; sourceTree = "<group>"; };
		A872FC922A0FD9F80058880B /* UserDefaultsManager.swift */ = {isa = PBXFileReference; lastKnownFileType = sourcecode.swift; path = UserDefaultsManager.swift; sourceTree = "<group>"; };
		A878E4952A09D55800B97358 /* FontManager.swift */ = {isa = PBXFileReference; lastKnownFileType = sourcecode.swift; path = FontManager.swift; sourceTree = "<group>"; };
		A878E4982A09D8A100B97358 /* Info.plist */ = {isa = PBXFileReference; lastKnownFileType = text.plist; path = Info.plist; sourceTree = "<group>"; };
		A878E4A42A09E49C00B97358 /* Const.swift */ = {isa = PBXFileReference; lastKnownFileType = sourcecode.swift; path = Const.swift; sourceTree = "<group>"; };
		A8F10D7B2A008FB50015EC23 /* SagakSagak.app */ = {isa = PBXFileReference; explicitFileType = wrapper.application; includeInIndex = 0; path = SagakSagak.app; sourceTree = BUILT_PRODUCTS_DIR; };
		A8F10D7E2A008FB50015EC23 /* SagakSagakApp.swift */ = {isa = PBXFileReference; lastKnownFileType = sourcecode.swift; path = SagakSagakApp.swift; sourceTree = "<group>"; };
		A8F10D822A008FB60015EC23 /* Assets.xcassets */ = {isa = PBXFileReference; lastKnownFileType = folder.assetcatalog; path = Assets.xcassets; sourceTree = "<group>"; };
		A8F10D852A008FB60015EC23 /* Preview Assets.xcassets */ = {isa = PBXFileReference; lastKnownFileType = folder.assetcatalog; path = "Preview Assets.xcassets"; sourceTree = "<group>"; };
		A8FA451E2A0E1AE8009C3A2C /* SplashView.swift */ = {isa = PBXFileReference; lastKnownFileType = sourcecode.swift; path = SplashView.swift; sourceTree = "<group>"; };
		A8FA45202A0E1B10009C3A2C /* LetterView.swift */ = {isa = PBXFileReference; lastKnownFileType = sourcecode.swift; path = LetterView.swift; sourceTree = "<group>"; };
		A8FA45222A0E1BFB009C3A2C /* CharacterView1.swift */ = {isa = PBXFileReference; lastKnownFileType = sourcecode.swift; path = CharacterView1.swift; sourceTree = "<group>"; };
		A8FA45262A0E1C6E009C3A2C /* CharacterView2.swift */ = {isa = PBXFileReference; lastKnownFileType = sourcecode.swift; path = CharacterView2.swift; sourceTree = "<group>"; };
		A8FA452F2A0E1CF0009C3A2C /* StoryView1.swift */ = {isa = PBXFileReference; lastKnownFileType = sourcecode.swift; path = StoryView1.swift; sourceTree = "<group>"; };
		A8FA45312A0E1D02009C3A2C /* StoryView2.swift */ = {isa = PBXFileReference; lastKnownFileType = sourcecode.swift; path = StoryView2.swift; sourceTree = "<group>"; };
		A8FA45362A0E1D63009C3A2C /* EndingView1.swift */ = {isa = PBXFileReference; lastKnownFileType = sourcecode.swift; path = EndingView1.swift; sourceTree = "<group>"; };
		A8FA45382A0E1D73009C3A2C /* EndingView2.swift */ = {isa = PBXFileReference; lastKnownFileType = sourcecode.swift; path = EndingView2.swift; sourceTree = "<group>"; };
		A8FA453A2A0E1D83009C3A2C /* EndingView3.swift */ = {isa = PBXFileReference; lastKnownFileType = sourcecode.swift; path = EndingView3.swift; sourceTree = "<group>"; };
		BF1865082A0CE35000B2F730 /* EmotionView.swift */ = {isa = PBXFileReference; lastKnownFileType = sourcecode.swift; path = EmotionView.swift; sourceTree = "<group>"; };
		BF791C4C2A0A338700BA00D2 /* DrawingView.swift */ = {isa = PBXFileReference; fileEncoding = 4; lastKnownFileType = sourcecode.swift; path = DrawingView.swift; sourceTree = "<group>"; };
		BF791C502A0A339B00BA00D2 /* Line.swift */ = {isa = PBXFileReference; fileEncoding = 4; lastKnownFileType = sourcecode.swift; path = Line.swift; sourceTree = "<group>"; };
		BF791C522A0A37EE00BA00D2 /* NanumSquareRoundL.ttf */ = {isa = PBXFileReference; lastKnownFileType = file; path = NanumSquareRoundL.ttf; sourceTree = "<group>"; };
		BF791C542A0A37FF00BA00D2 /* NanumSquareRoundEB.ttf */ = {isa = PBXFileReference; lastKnownFileType = file; path = NanumSquareRoundEB.ttf; sourceTree = "<group>"; };
		BF791C562A0A380700BA00D2 /* NanumSquareRoundB.ttf */ = {isa = PBXFileReference; lastKnownFileType = file; path = NanumSquareRoundB.ttf; sourceTree = "<group>"; };
		BF791C582A0A381500BA00D2 /* NanumSquareRoundR.ttf */ = {isa = PBXFileReference; lastKnownFileType = file; path = NanumSquareRoundR.ttf; sourceTree = "<group>"; };
		BFCE55242A0B8D4B003A85CA /* CharacterExpressView.swift */ = {isa = PBXFileReference; fileEncoding = 4; lastKnownFileType = sourcecode.swift; path = CharacterExpressView.swift; sourceTree = "<group>"; };
		BFCE55252A0B8D4B003A85CA /* FaceView.swift */ = {isa = PBXFileReference; fileEncoding = 4; lastKnownFileType = sourcecode.swift; path = FaceView.swift; sourceTree = "<group>"; };
		BFCE55262A0B8D4B003A85CA /* ExpressView.swift */ = {isa = PBXFileReference; fileEncoding = 4; lastKnownFileType = sourcecode.swift; path = ExpressView.swift; sourceTree = "<group>"; };
/* End PBXFileReference section */

/* Begin PBXFrameworksBuildPhase section */
		A8F10D782A008FB50015EC23 /* Frameworks */ = {
			isa = PBXFrameworksBuildPhase;
			buildActionMask = 2147483647;
			files = (
				A83D729A2A07938600119DB9 /* ComposableArchitecture in Frameworks */,
				171720492A0CDA8900E34C24 /* Lottie in Frameworks */,
			);
			runOnlyForDeploymentPostprocessing = 0;
		};
/* End PBXFrameworksBuildPhase section */

/* Begin PBXGroup section */
		171720442A0CDA2100E34C24 /* Lottie */ = {
			isa = PBXGroup;
			children = (
				171720452A0CDA5000E34C24 /* LottiePlay.swift */,
				171720592A0CDAD300E34C24 /* LottieTest.swift */,
				A81261B22A10075A00280ECE /* SwingAnimation.swift */,
			);
			path = Lottie;
			sourceTree = "<group>";
		};
		5739EBEF2A0F8C4600AEAB5E /* Main */ = {
			isa = PBXGroup;
			children = (
				5722D82F2A0CCFA00023B0F6 /* MainView.swift */,
				5739EBF32A0F8D0B00AEAB5E /* ArchiveOpenView.swift */,
				5739EBF42A0F8D0B00AEAB5E /* ArchiveView.swift */,
			);
			path = Main;
			sourceTree = "<group>";
		};
		A80EAE8C2A0E90AF00676483 /* Manager */ = {
			isa = PBXGroup;
			children = (
				A878E4952A09D55800B97358 /* FontManager.swift */,
				A80EAE6E2A0E77E400676483 /* SoundManager.swift */,
				A80EAE8D2A0E912800676483 /* HapticManager.swift */,
				A872FC922A0FD9F80058880B /* UserDefaultsManager.swift */,
			);
			path = Manager;
			sourceTree = "<group>";
		};
		A80EAE932A0EE62000676483 /* Extensions */ = {
			isa = PBXGroup;
			children = (
				A80EAE912A0EE4B000676483 /* View+.swift */,
			);
			path = Extensions;
			sourceTree = "<group>";
		};
		A81261B12A10073200280ECE /* Recovered References */ = {
			isa = PBXGroup;
			children = (
				5739EBF22A0F8D0B00AEAB5E /* clock_sound.mp3 */,
				5739EBFA2A0F8D2900AEAB5E /* pop_sound.mp3 */,
				5739EBF02A0F8D0B00AEAB5E /* curtain_sound.mp3 */,
				5739EBF12A0F8D0B00AEAB5E /* button_sound.mp3 */,
				5739EBFB2A0F8D2900AEAB5E /* paper_sound.mp3 */,
			);
			name = "Recovered References";
			sourceTree = "<group>";
		};
		A83D728B2A070BDB00119DB9 /* DesignSystem */ = {
			isa = PBXGroup;
			children = (
				A878E4A42A09E49C00B97358 /* Const.swift */,
				A80EAE8C2A0E90AF00676483 /* Manager */,
				A83E86F62A0CC6B8005CB09D /* Component */,
				A80EAE932A0EE62000676483 /* Extensions */,
				A83D728C2A070BEF00119DB9 /* Color */,
				A878E48F2A09D49400B97358 /* Font */,
				A8FA453E2A0E1FDC009C3A2C /* LottieFile */,
				A8F10D822A008FB60015EC23 /* Assets.xcassets */,
			);
			path = DesignSystem;
			sourceTree = "<group>";
		};
		A83D728C2A070BEF00119DB9 /* Color */ = {
			isa = PBXGroup;
			children = (
				A83D728D2A070BFA00119DB9 /* Colors.swift */,
			);
			path = Color;
			sourceTree = "<group>";
		};
		A83D72972A07934E00119DB9 /* View */ = {
			isa = PBXGroup;
			children = (
				5739EBEF2A0F8C4600AEAB5E /* Main */,
				A8F10D7E2A008FB50015EC23 /* SagakSagakApp.swift */,
				A8FA451E2A0E1AE8009C3A2C /* SplashView.swift */,
				A8FA45202A0E1B10009C3A2C /* LetterView.swift */,
				171720442A0CDA2100E34C24 /* Lottie */,
				BF791C4B2A0A332900BA00D2 /* Drawing */,
				A8FA45252A0E1C40009C3A2C /* Character */,
				BFCE55232A0B8D23003A85CA /* FaceExpress */,
				A8FA452E2A0E1CD6009C3A2C /* Story */,
				A8FA45352A0E1D46009C3A2C /* Ending */,
				A83D72D12A07ABA700119DB9 /* Login */,
			);
			name = View;
			path = ../View;
			sourceTree = "<group>";
		};
		A83D72C72A07A4A300119DB9 /* Coordinator */ = {
			isa = PBXGroup;
			children = (
				A83D72C82A07A4EA00119DB9 /* Coordinator.swift */,
				A83D72CC2A07A82D00119DB9 /* CoordinatorView.swift */,
			);
			path = Coordinator;
			sourceTree = "<group>";
		};
		A83D72D12A07ABA700119DB9 /* Login */ = {
			isa = PBXGroup;
			children = (
				A83D72D72A07E5D000119DB9 /* LoginDomain.swift */,
				A83D72C52A07A47600119DB9 /* LoginView.swift */,
			);
			path = Login;
			sourceTree = "<group>";
		};
		A83E86F62A0CC6B8005CB09D /* Component */ = {
			isa = PBXGroup;
			children = (
				A80EAEA42A0F256000676483 /* GLBavBarItem.swift */,
				A83E86F72A0CC6CC005CB09D /* GLNavBarTitle.swift */,
				A80EAE982A0EF0E800676483 /* GLBlockView.swift */,
				A80EAEA22A0F15BF00676483 /* GLBlockItem.swift */,
				A80EAEA72A0F285200676483 /* GLButtonSet.swift */,
				A80EAEAA2A0F377000676483 /* GLPopupView.swift */,
			);
			path = Component;
			sourceTree = "<group>";
		};
		A878E48F2A09D49400B97358 /* Font */ = {
			isa = PBXGroup;
			children = (
				A878E4902A09D4A600B97358 /* NanumSquareRound */,
			);
			path = Font;
			sourceTree = "<group>";
		};
		A878E4902A09D4A600B97358 /* NanumSquareRound */ = {
			isa = PBXGroup;
			children = (
				BF791C582A0A381500BA00D2 /* NanumSquareRoundR.ttf */,
				BF791C562A0A380700BA00D2 /* NanumSquareRoundB.ttf */,
				BF791C542A0A37FF00BA00D2 /* NanumSquareRoundEB.ttf */,
				BF791C522A0A37EE00BA00D2 /* NanumSquareRoundL.ttf */,
			);
			path = NanumSquareRound;
			sourceTree = "<group>";
		};
		A8F10D722A008FB50015EC23 = {
			isa = PBXGroup;
			children = (
				A8F10D7D2A008FB50015EC23 /* SagakSagak */,
				A8F10D7C2A008FB50015EC23 /* Products */,
				A81261B12A10073200280ECE /* Recovered References */,
			);
			sourceTree = "<group>";
		};
		A8F10D7C2A008FB50015EC23 /* Products */ = {
			isa = PBXGroup;
			children = (
				A8F10D7B2A008FB50015EC23 /* SagakSagak.app */,
			);
			name = Products;
			sourceTree = "<group>";
		};
		A8F10D7D2A008FB50015EC23 /* SagakSagak */ = {
			isa = PBXGroup;
			children = (
				A878E4982A09D8A100B97358 /* Info.plist */,
				A83D72C72A07A4A300119DB9 /* Coordinator */,
				A83D72972A07934E00119DB9 /* View */,
				A83D728B2A070BDB00119DB9 /* DesignSystem */,
				A8F10D842A008FB60015EC23 /* Preview Content */,
			);
			path = SagakSagak;
			sourceTree = "<group>";
		};
		A8F10D842A008FB60015EC23 /* Preview Content */ = {
			isa = PBXGroup;
			children = (
				A8F10D852A008FB60015EC23 /* Preview Assets.xcassets */,
			);
			path = "Preview Content";
			sourceTree = "<group>";
		};
		A8FA45252A0E1C40009C3A2C /* Character */ = {
			isa = PBXGroup;
			children = (
				A8FA45222A0E1BFB009C3A2C /* CharacterView1.swift */,
				A8FA45262A0E1C6E009C3A2C /* CharacterView2.swift */,
			);
			path = Character;
			sourceTree = "<group>";
		};
		A8FA452E2A0E1CD6009C3A2C /* Story */ = {
			isa = PBXGroup;
			children = (
				A8FA452F2A0E1CF0009C3A2C /* StoryView1.swift */,
				A8FA45312A0E1D02009C3A2C /* StoryView2.swift */,
			);
			path = Story;
			sourceTree = "<group>";
		};
		A8FA45352A0E1D46009C3A2C /* Ending */ = {
			isa = PBXGroup;
			children = (
				A8FA45362A0E1D63009C3A2C /* EndingView1.swift */,
				A8FA45382A0E1D73009C3A2C /* EndingView2.swift */,
				A8FA453A2A0E1D83009C3A2C /* EndingView3.swift */,
			);
			path = Ending;
			sourceTree = "<group>";
		};
		A8FA453E2A0E1FDC009C3A2C /* LottieFile */ = {
			isa = PBXGroup;
			children = (
				A80EAE7F2A0E844A00676483 /* angry.json */,
				A80EAE842A0E844A00676483 /* basic.json */,
				A80EAE822A0E844A00676483 /* heart.json */,
				A80EAE7E2A0E844A00676483 /* pleased.json */,
				A80EAE832A0E844A00676483 /* sad.json */,
				A80EAE802A0E844A00676483 /* soso.json */,
				A80EAE812A0E844A00676483 /* twinkle.json */,
			);
			path = LottieFile;
			sourceTree = "<group>";
		};
		BF791C4B2A0A332900BA00D2 /* Drawing */ = {
			isa = PBXGroup;
			children = (
				BF791C4C2A0A338700BA00D2 /* DrawingView.swift */,
				BF791C502A0A339B00BA00D2 /* Line.swift */,
			);
			path = Drawing;
			sourceTree = "<group>";
		};
		BFCE55232A0B8D23003A85CA /* FaceExpress */ = {
			isa = PBXGroup;
			children = (
				BFCE55262A0B8D4B003A85CA /* ExpressView.swift */,
				BF1865082A0CE35000B2F730 /* EmotionView.swift */,
				BFCE55242A0B8D4B003A85CA /* CharacterExpressView.swift */,
				BFCE55252A0B8D4B003A85CA /* FaceView.swift */,
			);
			path = FaceExpress;
			sourceTree = "<group>";
		};
/* End PBXGroup section */

/* Begin PBXNativeTarget section */
		A8F10D7A2A008FB50015EC23 /* SagakSagak */ = {
			isa = PBXNativeTarget;
			buildConfigurationList = A8F10D892A008FB60015EC23 /* Build configuration list for PBXNativeTarget "SagakSagak" */;
			buildPhases = (
				A8F10D772A008FB50015EC23 /* Sources */,
				A8F10D782A008FB50015EC23 /* Frameworks */,
				A8F10D792A008FB50015EC23 /* Resources */,
			);
			buildRules = (
			);
			dependencies = (
			);
			name = SagakSagak;
			packageProductDependencies = (
				A83D72992A07938600119DB9 /* ComposableArchitecture */,
				171720482A0CDA8900E34C24 /* Lottie */,
			);
			productName = SagakSagak;
			productReference = A8F10D7B2A008FB50015EC23 /* SagakSagak.app */;
			productType = "com.apple.product-type.application";
		};
/* End PBXNativeTarget section */

/* Begin PBXProject section */
		A8F10D732A008FB50015EC23 /* Project object */ = {
			isa = PBXProject;
			attributes = {
				BuildIndependentTargetsInParallel = 1;
				LastSwiftUpdateCheck = 1430;
				LastUpgradeCheck = 1430;
				TargetAttributes = {
					A8F10D7A2A008FB50015EC23 = {
						CreatedOnToolsVersion = 14.3;
					};
				};
			};
			buildConfigurationList = A8F10D762A008FB50015EC23 /* Build configuration list for PBXProject "SagakSagak" */;
			compatibilityVersion = "Xcode 14.0";
			developmentRegion = en;
			hasScannedForEncodings = 0;
			knownRegions = (
				en,
				Base,
			);
			mainGroup = A8F10D722A008FB50015EC23;
			packageReferences = (
				A83D72982A07938600119DB9 /* XCRemoteSwiftPackageReference "swift-composable-architecture" */,
				171720472A0CDA8900E34C24 /* XCRemoteSwiftPackageReference "lottie-ios" */,
			);
			productRefGroup = A8F10D7C2A008FB50015EC23 /* Products */;
			projectDirPath = "";
			projectRoot = "";
			targets = (
				A8F10D7A2A008FB50015EC23 /* SagakSagak */,
			);
		};
/* End PBXProject section */

/* Begin PBXResourcesBuildPhase section */
		A8F10D792A008FB50015EC23 /* Resources */ = {
			isa = PBXResourcesBuildPhase;
			buildActionMask = 2147483647;
			files = (
				A80EAE852A0E844A00676483 /* pleased.json in Resources */,
				5739EBF72A0F8D0B00AEAB5E /* clock_sound.mp3 in Resources */,
				5739EBFC2A0F8D2900AEAB5E /* pop_sound.mp3 in Resources */,
				5739EBF52A0F8D0B00AEAB5E /* curtain_sound.mp3 in Resources */,
				A8F10D862A008FB60015EC23 /* Preview Assets.xcassets in Resources */,
				A80EAE892A0E844A00676483 /* heart.json in Resources */,
				5739EBF62A0F8D0B00AEAB5E /* button_sound.mp3 in Resources */,
				A80EAE862A0E844A00676483 /* angry.json in Resources */,
				BF791C552A0A37FF00BA00D2 /* NanumSquareRoundEB.ttf in Resources */,
				A8F10D832A008FB60015EC23 /* Assets.xcassets in Resources */,
				A80EAE8A2A0E844A00676483 /* sad.json in Resources */,
				BF791C532A0A37EE00BA00D2 /* NanumSquareRoundL.ttf in Resources */,
				A80EAE872A0E844A00676483 /* soso.json in Resources */,
				BF791C572A0A380700BA00D2 /* NanumSquareRoundB.ttf in Resources */,
				A80EAE882A0E844A00676483 /* twinkle.json in Resources */,
				BF791C592A0A381500BA00D2 /* NanumSquareRoundR.ttf in Resources */,
				A80EAE8B2A0E844A00676483 /* basic.json in Resources */,
				5739EBFD2A0F8D2900AEAB5E /* paper_sound.mp3 in Resources */,
			);
			runOnlyForDeploymentPostprocessing = 0;
		};
/* End PBXResourcesBuildPhase section */

/* Begin PBXSourcesBuildPhase section */
		A8F10D772A008FB50015EC23 /* Sources */ = {
			isa = PBXSourcesBuildPhase;
			buildActionMask = 2147483647;
			files = (
				171720462A0CDA5000E34C24 /* LottiePlay.swift in Sources */,
				A8FA45322A0E1D02009C3A2C /* StoryView2.swift in Sources */,
				BFCE55292A0B8D4B003A85CA /* ExpressView.swift in Sources */,
				5739EBF92A0F8D0B00AEAB5E /* ArchiveView.swift in Sources */,
				5739EBF82A0F8D0B00AEAB5E /* ArchiveOpenView.swift in Sources */,
				A8FA453B2A0E1D83009C3A2C /* EndingView3.swift in Sources */,
				BF791C4D2A0A338700BA00D2 /* DrawingView.swift in Sources */,
				A8FA45272A0E1C6E009C3A2C /* CharacterView2.swift in Sources */,
				A83D72D82A07E5D000119DB9 /* LoginDomain.swift in Sources */,
				A80EAE992A0EF0E800676483 /* GLBlockView.swift in Sources */,
				A8FA45232A0E1BFB009C3A2C /* CharacterView1.swift in Sources */,
				A83D72CD2A07A82D00119DB9 /* CoordinatorView.swift in Sources */,
				1717205A2A0CDAD300E34C24 /* LottieTest.swift in Sources */,
				A83D72C92A07A4EA00119DB9 /* Coordinator.swift in Sources */,
				A8FA45212A0E1B10009C3A2C /* LetterView.swift in Sources */,
				A878E4962A09D55800B97358 /* FontManager.swift in Sources */,
				A8FA45392A0E1D73009C3A2C /* EndingView2.swift in Sources */,
				BF791C512A0A339B00BA00D2 /* Line.swift in Sources */,
				BF1865092A0CE35000B2F730 /* EmotionView.swift in Sources */,
				A83D728E2A070BFA00119DB9 /* Colors.swift in Sources */,
				A8FA45302A0E1CF0009C3A2C /* StoryView1.swift in Sources */,
				A83D72C62A07A47600119DB9 /* LoginView.swift in Sources */,
				5722D8302A0CCFA00023B0F6 /* MainView.swift in Sources */,
				A80EAEA52A0F256000676483 /* GLBavBarItem.swift in Sources */,
				A872FC932A0FD9F80058880B /* UserDefaultsManager.swift in Sources */,
				A80EAEAB2A0F377000676483 /* GLPopupView.swift in Sources */,
				A8F10D7F2A008FB50015EC23 /* SagakSagakApp.swift in Sources */,
				A81261B32A10075A00280ECE /* SwingAnimation.swift in Sources */,
				A83E86F82A0CC6CC005CB09D /* GLNavBarTitle.swift in Sources */,
				A80EAEA32A0F15BF00676483 /* GLBlockItem.swift in Sources */,
				A80EAEA82A0F285200676483 /* GLButtonSet.swift in Sources */,
				A8FA45372A0E1D63009C3A2C /* EndingView1.swift in Sources */,
				A878E4A52A09E49C00B97358 /* Const.swift in Sources */,
				A80EAE8E2A0E912800676483 /* HapticManager.swift in Sources */,
				A8FA451F2A0E1AE8009C3A2C /* SplashView.swift in Sources */,
				BFCE55272A0B8D4B003A85CA /* CharacterExpressView.swift in Sources */,
				BFCE55282A0B8D4B003A85CA /* FaceView.swift in Sources */,
				A80EAE922A0EE4B000676483 /* View+.swift in Sources */,
				A80EAE6F2A0E77E400676483 /* SoundManager.swift in Sources */,
			);
			runOnlyForDeploymentPostprocessing = 0;
		};
/* End PBXSourcesBuildPhase section */

/* Begin XCBuildConfiguration section */
		A8F10D872A008FB60015EC23 /* Debug */ = {
			isa = XCBuildConfiguration;
			buildSettings = {
				ALWAYS_SEARCH_USER_PATHS = NO;
				CLANG_ANALYZER_NONNULL = YES;
				CLANG_ANALYZER_NUMBER_OBJECT_CONVERSION = YES_AGGRESSIVE;
				CLANG_CXX_LANGUAGE_STANDARD = "gnu++20";
				CLANG_ENABLE_MODULES = YES;
				CLANG_ENABLE_OBJC_ARC = YES;
				CLANG_ENABLE_OBJC_WEAK = YES;
				CLANG_WARN_BLOCK_CAPTURE_AUTORELEASING = YES;
				CLANG_WARN_BOOL_CONVERSION = YES;
				CLANG_WARN_COMMA = YES;
				CLANG_WARN_CONSTANT_CONVERSION = YES;
				CLANG_WARN_DEPRECATED_OBJC_IMPLEMENTATIONS = YES;
				CLANG_WARN_DIRECT_OBJC_ISA_USAGE = YES_ERROR;
				CLANG_WARN_DOCUMENTATION_COMMENTS = YES;
				CLANG_WARN_EMPTY_BODY = YES;
				CLANG_WARN_ENUM_CONVERSION = YES;
				CLANG_WARN_INFINITE_RECURSION = YES;
				CLANG_WARN_INT_CONVERSION = YES;
				CLANG_WARN_NON_LITERAL_NULL_CONVERSION = YES;
				CLANG_WARN_OBJC_IMPLICIT_RETAIN_SELF = YES;
				CLANG_WARN_OBJC_LITERAL_CONVERSION = YES;
				CLANG_WARN_OBJC_ROOT_CLASS = YES_ERROR;
				CLANG_WARN_QUOTED_INCLUDE_IN_FRAMEWORK_HEADER = YES;
				CLANG_WARN_RANGE_LOOP_ANALYSIS = YES;
				CLANG_WARN_STRICT_PROTOTYPES = YES;
				CLANG_WARN_SUSPICIOUS_MOVE = YES;
				CLANG_WARN_UNGUARDED_AVAILABILITY = YES_AGGRESSIVE;
				CLANG_WARN_UNREACHABLE_CODE = YES;
				CLANG_WARN__DUPLICATE_METHOD_MATCH = YES;
				COPY_PHASE_STRIP = NO;
				DEBUG_INFORMATION_FORMAT = dwarf;
				ENABLE_STRICT_OBJC_MSGSEND = YES;
				ENABLE_TESTABILITY = YES;
				GCC_C_LANGUAGE_STANDARD = gnu11;
				GCC_DYNAMIC_NO_PIC = NO;
				GCC_NO_COMMON_BLOCKS = YES;
				GCC_OPTIMIZATION_LEVEL = 0;
				GCC_PREPROCESSOR_DEFINITIONS = (
					"DEBUG=1",
					"$(inherited)",
				);
				GCC_WARN_64_TO_32_BIT_CONVERSION = YES;
				GCC_WARN_ABOUT_RETURN_TYPE = YES_ERROR;
				GCC_WARN_UNDECLARED_SELECTOR = YES;
				GCC_WARN_UNINITIALIZED_AUTOS = YES_AGGRESSIVE;
				GCC_WARN_UNUSED_FUNCTION = YES;
				GCC_WARN_UNUSED_VARIABLE = YES;
				IPHONEOS_DEPLOYMENT_TARGET = 16.4;
				MTL_ENABLE_DEBUG_INFO = INCLUDE_SOURCE;
				MTL_FAST_MATH = YES;
				ONLY_ACTIVE_ARCH = YES;
				SDKROOT = iphoneos;
				SWIFT_ACTIVE_COMPILATION_CONDITIONS = DEBUG;
				SWIFT_OPTIMIZATION_LEVEL = "-Onone";
			};
			name = Debug;
		};
		A8F10D882A008FB60015EC23 /* Release */ = {
			isa = XCBuildConfiguration;
			buildSettings = {
				ALWAYS_SEARCH_USER_PATHS = NO;
				CLANG_ANALYZER_NONNULL = YES;
				CLANG_ANALYZER_NUMBER_OBJECT_CONVERSION = YES_AGGRESSIVE;
				CLANG_CXX_LANGUAGE_STANDARD = "gnu++20";
				CLANG_ENABLE_MODULES = YES;
				CLANG_ENABLE_OBJC_ARC = YES;
				CLANG_ENABLE_OBJC_WEAK = YES;
				CLANG_WARN_BLOCK_CAPTURE_AUTORELEASING = YES;
				CLANG_WARN_BOOL_CONVERSION = YES;
				CLANG_WARN_COMMA = YES;
				CLANG_WARN_CONSTANT_CONVERSION = YES;
				CLANG_WARN_DEPRECATED_OBJC_IMPLEMENTATIONS = YES;
				CLANG_WARN_DIRECT_OBJC_ISA_USAGE = YES_ERROR;
				CLANG_WARN_DOCUMENTATION_COMMENTS = YES;
				CLANG_WARN_EMPTY_BODY = YES;
				CLANG_WARN_ENUM_CONVERSION = YES;
				CLANG_WARN_INFINITE_RECURSION = YES;
				CLANG_WARN_INT_CONVERSION = YES;
				CLANG_WARN_NON_LITERAL_NULL_CONVERSION = YES;
				CLANG_WARN_OBJC_IMPLICIT_RETAIN_SELF = YES;
				CLANG_WARN_OBJC_LITERAL_CONVERSION = YES;
				CLANG_WARN_OBJC_ROOT_CLASS = YES_ERROR;
				CLANG_WARN_QUOTED_INCLUDE_IN_FRAMEWORK_HEADER = YES;
				CLANG_WARN_RANGE_LOOP_ANALYSIS = YES;
				CLANG_WARN_STRICT_PROTOTYPES = YES;
				CLANG_WARN_SUSPICIOUS_MOVE = YES;
				CLANG_WARN_UNGUARDED_AVAILABILITY = YES_AGGRESSIVE;
				CLANG_WARN_UNREACHABLE_CODE = YES;
				CLANG_WARN__DUPLICATE_METHOD_MATCH = YES;
				COPY_PHASE_STRIP = NO;
				DEBUG_INFORMATION_FORMAT = "dwarf-with-dsym";
				ENABLE_NS_ASSERTIONS = NO;
				ENABLE_STRICT_OBJC_MSGSEND = YES;
				GCC_C_LANGUAGE_STANDARD = gnu11;
				GCC_NO_COMMON_BLOCKS = YES;
				GCC_WARN_64_TO_32_BIT_CONVERSION = YES;
				GCC_WARN_ABOUT_RETURN_TYPE = YES_ERROR;
				GCC_WARN_UNDECLARED_SELECTOR = YES;
				GCC_WARN_UNINITIALIZED_AUTOS = YES_AGGRESSIVE;
				GCC_WARN_UNUSED_FUNCTION = YES;
				GCC_WARN_UNUSED_VARIABLE = YES;
				IPHONEOS_DEPLOYMENT_TARGET = 16.4;
				MTL_ENABLE_DEBUG_INFO = NO;
				MTL_FAST_MATH = YES;
				SDKROOT = iphoneos;
				SWIFT_COMPILATION_MODE = wholemodule;
				SWIFT_OPTIMIZATION_LEVEL = "-O";
				VALIDATE_PRODUCT = YES;
			};
			name = Release;
		};
		A8F10D8A2A008FB60015EC23 /* Debug */ = {
			isa = XCBuildConfiguration;
			buildSettings = {
				ASSETCATALOG_COMPILER_APPICON_NAME = AppIcon;
				ASSETCATALOG_COMPILER_GLOBAL_ACCENT_COLOR_NAME = AccentColor;
				CODE_SIGN_IDENTITY = "Apple Development";
				CODE_SIGN_STYLE = Automatic;
				CURRENT_PROJECT_VERSION = 1;
				DEVELOPMENT_ASSET_PATHS = "\"SagakSagak/Preview Content\"";
				DEVELOPMENT_TEAM = XGHDQG66U5;
				ENABLE_PREVIEWS = YES;
				GENERATE_INFOPLIST_FILE = YES;
				INFOPLIST_FILE = SagakSagak/Info.plist;
				INFOPLIST_KEY_UIApplicationSceneManifest_Generation = YES;
				INFOPLIST_KEY_UIApplicationSupportsIndirectInputEvents = YES;
				INFOPLIST_KEY_UILaunchScreen_Generation = YES;
				INFOPLIST_KEY_UISupportedInterfaceOrientations = "UIInterfaceOrientationLandscapeLeft UIInterfaceOrientationLandscapeRight";
				IPHONEOS_DEPLOYMENT_TARGET = 16.0;
				LD_RUNPATH_SEARCH_PATHS = (
					"$(inherited)",
					"@executable_path/Frameworks",
				);
				MARKETING_VERSION = 1.0.0;
				PRODUCT_BUNDLE_IDENTIFIER = "com.alphacar.sagak-sagak";
				PRODUCT_NAME = "$(TARGET_NAME)";
				PROVISIONING_PROFILE_SPECIFIER = "";
				SWIFT_EMIT_LOC_STRINGS = YES;
				SWIFT_VERSION = 5.0;
				TARGETED_DEVICE_FAMILY = "1,2";
			};
			name = Debug;
		};
		A8F10D8B2A008FB60015EC23 /* Release */ = {
			isa = XCBuildConfiguration;
			buildSettings = {
				ASSETCATALOG_COMPILER_APPICON_NAME = AppIcon;
				ASSETCATALOG_COMPILER_GLOBAL_ACCENT_COLOR_NAME = AccentColor;
				CODE_SIGN_IDENTITY = "Apple Development";
				CODE_SIGN_STYLE = Automatic;
				CURRENT_PROJECT_VERSION = 1;
				DEVELOPMENT_ASSET_PATHS = "\"SagakSagak/Preview Content\"";
				DEVELOPMENT_TEAM = XGHDQG66U5;
				ENABLE_PREVIEWS = YES;
				GENERATE_INFOPLIST_FILE = YES;
				INFOPLIST_FILE = SagakSagak/Info.plist;
				INFOPLIST_KEY_UIApplicationSceneManifest_Generation = YES;
				INFOPLIST_KEY_UIApplicationSupportsIndirectInputEvents = YES;
				INFOPLIST_KEY_UILaunchScreen_Generation = YES;
				INFOPLIST_KEY_UISupportedInterfaceOrientations = "UIInterfaceOrientationLandscapeLeft UIInterfaceOrientationLandscapeRight";
				IPHONEOS_DEPLOYMENT_TARGET = 16.0;
				LD_RUNPATH_SEARCH_PATHS = (
					"$(inherited)",
					"@executable_path/Frameworks",
				);
				MARKETING_VERSION = 1.0.0;
				PRODUCT_BUNDLE_IDENTIFIER = "com.alphacar.sagak-sagak";
				PRODUCT_NAME = "$(TARGET_NAME)";
				PROVISIONING_PROFILE_SPECIFIER = "";
				SWIFT_EMIT_LOC_STRINGS = YES;
				SWIFT_VERSION = 5.0;
				TARGETED_DEVICE_FAMILY = "1,2";
			};
			name = Release;
		};
/* End XCBuildConfiguration section */

/* Begin XCConfigurationList section */
		A8F10D762A008FB50015EC23 /* Build configuration list for PBXProject "SagakSagak" */ = {
			isa = XCConfigurationList;
			buildConfigurations = (
				A8F10D872A008FB60015EC23 /* Debug */,
				A8F10D882A008FB60015EC23 /* Release */,
			);
			defaultConfigurationIsVisible = 0;
			defaultConfigurationName = Release;
		};
		A8F10D892A008FB60015EC23 /* Build configuration list for PBXNativeTarget "SagakSagak" */ = {
			isa = XCConfigurationList;
			buildConfigurations = (
				A8F10D8A2A008FB60015EC23 /* Debug */,
				A8F10D8B2A008FB60015EC23 /* Release */,
			);
			defaultConfigurationIsVisible = 0;
			defaultConfigurationName = Release;
		};
/* End XCConfigurationList section */

/* Begin XCRemoteSwiftPackageReference section */
		171720472A0CDA8900E34C24 /* XCRemoteSwiftPackageReference "lottie-ios" */ = {
			isa = XCRemoteSwiftPackageReference;
			repositoryURL = "https://github.com/airbnb/lottie-ios";
			requirement = {
				kind = upToNextMajorVersion;
				minimumVersion = 4.0.0;
			};
		};
		A83D72982A07938600119DB9 /* XCRemoteSwiftPackageReference "swift-composable-architecture" */ = {
			isa = XCRemoteSwiftPackageReference;
			repositoryURL = "https://github.com/pointfreeco/swift-composable-architecture";
			requirement = {
				branch = main;
				kind = branch;
			};
		};
/* End XCRemoteSwiftPackageReference section */

/* Begin XCSwiftPackageProductDependency section */
		171720482A0CDA8900E34C24 /* Lottie */ = {
			isa = XCSwiftPackageProductDependency;
			package = 171720472A0CDA8900E34C24 /* XCRemoteSwiftPackageReference "lottie-ios" */;
			productName = Lottie;
		};
		A83D72992A07938600119DB9 /* ComposableArchitecture */ = {
			isa = XCSwiftPackageProductDependency;
			package = A83D72982A07938600119DB9 /* XCRemoteSwiftPackageReference "swift-composable-architecture" */;
			productName = ComposableArchitecture;
		};
/* End XCSwiftPackageProductDependency section */
	};
	rootObject = A8F10D732A008FB50015EC23 /* Project object */;
}
